{
  "name": "moodle-lti-worker",
  "version": "1.0.0",
  "lockfileVersion": 3,
  "requires": true,
  "packages": {
    "": {
      "name": "moodle-lti-worker",
      "version": "1.0.0",
      "license": "ISC",
      "dependencies": {
        "hono": "^4.12.15",
        "oauth-1.0a": "^2.2.6"
      }
    },
    "node_modules/hono": {
      "version": "4.12.15",
      "resolved": "https://registry.npmjs.org/hono/-/hono-4.12.15.tgz",
      "integrity": "sha512-qM0jDhFEaCBb4TxoW7f53Qrpv9RBiayUHo0S52JudprkhvpjIrGoU1mnnr29Fvd1U335ZFPZQY1wlkqgfGXyLg==",
      "license": "MIT",
      "engines": {
        "node": ">=16.9.0"
      }
    },
    "node_modules/oauth-1.0a": {
      "version": "2.2.6",
      "resolved": "https://registry.npmjs.org/oauth-1.0a/-/oauth-1.0a-2.2.6.tgz",
      "integrity": "sha512-6bkxv3N4Gu5lty4viIcIAnq5GbxECviMBeKR3WX/q87SPQ8E8aursPZUtsXDnxCs787af09WPRBLqYrf/lwoYQ==",
      "license": "MIT"
    }
  }
}
